
Microsoft Visual Studio Solution File, Format Version 12.00
# Visual Studio Version 16
VisualStudioVersion = 16.0.30309.148
MinimumVisualStudioVersion = 10.0.40219.1
Project("{9A19103F-16F7-4668-BE54-9A1E7A4F7556}") = "MyCommunalPayments.Models", "src\MyCommunalPayments.Models\MyCommunalPayments.Models.csproj", "{66E86296-BFE8-46C3-B797-004C4BEA3B7A}"
EndProject
Project("{9A19103F-16F7-4668-BE54-9A1E7A4F7556}") = "MyCommunalPayments.Data", "src\MyCommunalPayments.Data\MyCommunalPayments.Data.csproj", "{CCC625EF-B835-4134-A073-14697B8FFD58}"
EndProject
Project("{9A19103F-16F7-4668-BE54-9A1E7A4F7556}") = "MyCommunalPayments.BlazorWebUI", "src\MyCommunalPayments.BlazorWebUI\MyCommunalPayments.BlazorWebUI.csproj", "{28895B07-2151-4203-B419-7D4F88DB6827}"
EndProject
Project("{9A19103F-16F7-4668-BE54-9A1E7A4F7556}") = "MyCommunalPayments.Api", "src\MyCommunalPayments.Api\MyCommunalPayments.Api.csproj", "{F56E04C5-D0F4-48D9-82CD-6DDE0C864D34}"
EndProject
Project("{2150E333-8FDC-42A3-9474-1A3956D46DE8}") = "src", "src", "{206EB788-5766-4FA0-970E-AEEFEDC16221}"
EndProject
Project("{2150E333-8FDC-42A3-9474-1A3956D46DE8}") = "DataLayer", "DataLayer", "{DFB26203-FDC6-4134-823A-6BB7587BD563}"
EndProject
Project("{2150E333-8FDC-42A3-9474-1A3956D46DE8}") = "Core", "Core", "{D84DFE64-76B5-40E1-BDFB-F68D610BC51F}"
EndProject
Project("{2150E333-8FDC-42A3-9474-1A3956D46DE8}") = "BL", "BL", "{EEA598E9-D552-4808-9E91-E973F9815FE3}"
EndProject
Project("{2150E333-8FDC-42A3-9474-1A3956D46DE8}") = "API", "API", "{FB7E72BA-1AD4-4B4B-8B2F-F889F89E4758}"
EndProject
Project("{2150E333-8FDC-42A3-9474-1A3956D46DE8}") = "UI", "UI", "{A3FD30BF-773A-4FC9-AB2D-51725621B1A4}"
EndProject
Project("{9A19103F-16F7-4668-BE54-9A1E7A4F7556}") = "MyCommunalPayments.Data.DBModels", "src\MyCommunalPayments.Data.DBModels\MyCommunalPayments.Data.DBModels.csproj", "{14A3CA8E-0D65-4E18-994C-46D5F4BEC8B7}"
EndProject
Project("{9A19103F-16F7-4668-BE54-9A1E7A4F7556}") = "MyCommunalPayments.Data.Interfaces", "src\MyCommunalPayments.Data.Interfaces\MyCommunalPayments.Data.Interfaces.csproj", "{F2594521-B111-46A3-BB78-C785390A9CCB}"
EndProject
Project("{9A19103F-16F7-4668-BE54-9A1E7A4F7556}") = "MyCommunalPayments.Data.Repositories.Impl", "src\MyCommunalPayments.Data.Repositories.Impl\MyCommunalPayments.Data.Repositories.Impl.csproj", "{6BDFB1EA-3A82-4681-8FF5-801737125BBE}"
EndProject
Project("{2150E333-8FDC-42A3-9474-1A3956D46DE8}") = "Infrastucture", "Infrastucture", "{8659C16B-AD2E-426E-982F-627D7195ECC5}"
EndProject
Project("{FAE04EC0-301F-11D3-BF4B-00C04F79EFBC}") = "MyCommunalPayments.Infrastructure.Mapper", "src\MyCommunalPayments.Infrastructure.Mapper\MyCommunalPayments.Infrastructure.Mapper.csproj", "{52D5BDB5-BC94-4948-9747-D44B1FBB892B}"
EndProject
Project("{FAE04EC0-301F-11D3-BF4B-00C04F79EFBC}") = "MyCommunalPayments.BL.Interfaces", "src\MyCommunalPayments.BL.Interfaces\MyCommunalPayments.BL.Interfaces.csproj", "{75889617-C3AA-4EB8-A60A-035E94113C44}"
EndProject
Project("{FAE04EC0-301F-11D3-BF4B-00C04F79EFBC}") = "MyCommunalPayments.BL.Services", "src\MyCommunalPayments.BL.Services\MyCommunalPayments.BL.Services.csproj", "{2017E0FB-910D-42C0-8423-CB68A025027D}"
EndProject
Global
	GlobalSection(SolutionConfigurationPlatforms) = preSolution
		Debug|Any CPU = Debug|Any CPU
		Release|Any CPU = Release|Any CPU
	EndGlobalSection
	GlobalSection(ProjectConfigurationPlatforms) = postSolution
		{66E86296-BFE8-46C3-B797-004C4BEA3B7A}.Debug|Any CPU.ActiveCfg = Debug|Any CPU
		{66E86296-BFE8-46C3-B797-004C4BEA3B7A}.Debug|Any CPU.Build.0 = Debug|Any CPU
		{66E86296-BFE8-46C3-B797-004C4BEA3B7A}.Release|Any CPU.ActiveCfg = Release|Any CPU
		{66E86296-BFE8-46C3-B797-004C4BEA3B7A}.Release|Any CPU.Build.0 = Release|Any CPU
		{CCC625EF-B835-4134-A073-14697B8FFD58}.Debug|Any CPU.ActiveCfg = Debug|Any CPU
		{CCC625EF-B835-4134-A073-14697B8FFD58}.Debug|Any CPU.Build.0 = Debug|Any CPU
		{CCC625EF-B835-4134-A073-14697B8FFD58}.Release|Any CPU.ActiveCfg = Release|Any CPU
		{CCC625EF-B835-4134-A073-14697B8FFD58}.Release|Any CPU.Build.0 = Release|Any CPU
		{28895B07-2151-4203-B419-7D4F88DB6827}.Debug|Any CPU.ActiveCfg = Debug|Any CPU
		{28895B07-2151-4203-B419-7D4F88DB6827}.Debug|Any CPU.Build.0 = Debug|Any CPU
		{28895B07-2151-4203-B419-7D4F88DB6827}.Release|Any CPU.ActiveCfg = Release|Any CPU
		{28895B07-2151-4203-B419-7D4F88DB6827}.Release|Any CPU.Build.0 = Release|Any CPU
		{F56E04C5-D0F4-48D9-82CD-6DDE0C864D34}.Debug|Any CPU.ActiveCfg = Debug|Any CPU
		{F56E04C5-D0F4-48D9-82CD-6DDE0C864D34}.Debug|Any CPU.Build.0 = Debug|Any CPU
		{F56E04C5-D0F4-48D9-82CD-6DDE0C864D34}.Release|Any CPU.ActiveCfg = Release|Any CPU
		{F56E04C5-D0F4-48D9-82CD-6DDE0C864D34}.Release|Any CPU.Build.0 = Release|Any CPU
		{14A3CA8E-0D65-4E18-994C-46D5F4BEC8B7}.Debug|Any CPU.ActiveCfg = Debug|Any CPU
		{14A3CA8E-0D65-4E18-994C-46D5F4BEC8B7}.Debug|Any CPU.Build.0 = Debug|Any CPU
		{14A3CA8E-0D65-4E18-994C-46D5F4BEC8B7}.Release|Any CPU.ActiveCfg = Release|Any CPU
		{14A3CA8E-0D65-4E18-994C-46D5F4BEC8B7}.Release|Any CPU.Build.0 = Release|Any CPU
		{F2594521-B111-46A3-BB78-C785390A9CCB}.Debug|Any CPU.ActiveCfg = Debug|Any CPU
		{F2594521-B111-46A3-BB78-C785390A9CCB}.Debug|Any CPU.Build.0 = Debug|Any CPU
		{F2594521-B111-46A3-BB78-C785390A9CCB}.Release|Any CPU.ActiveCfg = Release|Any CPU
		{F2594521-B111-46A3-BB78-C785390A9CCB}.Release|Any CPU.Build.0 = Release|Any CPU
		{6BDFB1EA-3A82-4681-8FF5-801737125BBE}.Debug|Any CPU.ActiveCfg = Debug|Any CPU
		{6BDFB1EA-3A82-4681-8FF5-801737125BBE}.Debug|Any CPU.Build.0 = Debug|Any CPU
		{6BDFB1EA-3A82-4681-8FF5-801737125BBE}.Release|Any CPU.ActiveCfg = Release|Any CPU
		{6BDFB1EA-3A82-4681-8FF5-801737125BBE}.Release|Any CPU.Build.0 = Release|Any CPU
		{52D5BDB5-BC94-4948-9747-D44B1FBB892B}.Debug|Any CPU.ActiveCfg = Debug|Any CPU
		{52D5BDB5-BC94-4948-9747-D44B1FBB892B}.Debug|Any CPU.Build.0 = Debug|Any CPU
		{52D5BDB5-BC94-4948-9747-D44B1FBB892B}.Release|Any CPU.ActiveCfg = Release|Any CPU
		{52D5BDB5-BC94-4948-9747-D44B1FBB892B}.Release|Any CPU.Build.0 = Release|Any CPU
		{75889617-C3AA-4EB8-A60A-035E94113C44}.Debug|Any CPU.ActiveCfg = Debug|Any CPU
		{75889617-C3AA-4EB8-A60A-035E94113C44}.Debug|Any CPU.Build.0 = Debug|Any CPU
		{75889617-C3AA-4EB8-A60A-035E94113C44}.Release|Any CPU.ActiveCfg = Release|Any CPU
		{75889617-C3AA-4EB8-A60A-035E94113C44}.Release|Any CPU.Build.0 = Release|Any CPU
		{2017E0FB-910D-42C0-8423-CB68A025027D}.Debug|Any CPU.ActiveCfg = Debug|Any CPU
		{2017E0FB-910D-42C0-8423-CB68A025027D}.Debug|Any CPU.Build.0 = Debug|Any CPU
		{2017E0FB-910D-42C0-8423-CB68A025027D}.Release|Any CPU.ActiveCfg = Release|Any CPU
		{2017E0FB-910D-42C0-8423-CB68A025027D}.Release|Any CPU.Build.0 = Release|Any CPU
	EndGlobalSection
	GlobalSection(SolutionProperties) = preSolution
		HideSolutionNode = FALSE
	EndGlobalSection
	GlobalSection(NestedProjects) = preSolution
		{66E86296-BFE8-46C3-B797-004C4BEA3B7A} = {D84DFE64-76B5-40E1-BDFB-F68D610BC51F}
		{CCC625EF-B835-4134-A073-14697B8FFD58} = {DFB26203-FDC6-4134-823A-6BB7587BD563}
		{28895B07-2151-4203-B419-7D4F88DB6827} = {A3FD30BF-773A-4FC9-AB2D-51725621B1A4}
		{F56E04C5-D0F4-48D9-82CD-6DDE0C864D34} = {FB7E72BA-1AD4-4B4B-8B2F-F889F89E4758}
		{DFB26203-FDC6-4134-823A-6BB7587BD563} = {206EB788-5766-4FA0-970E-AEEFEDC16221}
		{D84DFE64-76B5-40E1-BDFB-F68D610BC51F} = {206EB788-5766-4FA0-970E-AEEFEDC16221}
		{EEA598E9-D552-4808-9E91-E973F9815FE3} = {206EB788-5766-4FA0-970E-AEEFEDC16221}
		{FB7E72BA-1AD4-4B4B-8B2F-F889F89E4758} = {206EB788-5766-4FA0-970E-AEEFEDC16221}
		{A3FD30BF-773A-4FC9-AB2D-51725621B1A4} = {206EB788-5766-4FA0-970E-AEEFEDC16221}
		{14A3CA8E-0D65-4E18-994C-46D5F4BEC8B7} = {DFB26203-FDC6-4134-823A-6BB7587BD563}
		{F2594521-B111-46A3-BB78-C785390A9CCB} = {DFB26203-FDC6-4134-823A-6BB7587BD563}
		{6BDFB1EA-3A82-4681-8FF5-801737125BBE} = {DFB26203-FDC6-4134-823A-6BB7587BD563}
		{8659C16B-AD2E-426E-982F-627D7195ECC5} = {206EB788-5766-4FA0-970E-AEEFEDC16221}
		{52D5BDB5-BC94-4948-9747-D44B1FBB892B} = {8659C16B-AD2E-426E-982F-627D7195ECC5}
		{75889617-C3AA-4EB8-A60A-035E94113C44} = {EEA598E9-D552-4808-9E91-E973F9815FE3}
		{2017E0FB-910D-42C0-8423-CB68A025027D} = {EEA598E9-D552-4808-9E91-E973F9815FE3}
	EndGlobalSection
	GlobalSection(ExtensibilityGlobals) = postSolution
		SolutionGuid = {C7A0B136-87BB-47E5-BF95-BFF1D5BA2DEA}
	EndGlobalSection
EndGlobal
